
Microsoft Visual Studio Solution File, Format Version 12.00
# Visual Studio Version 17
VisualStudioVersion = 17.4.33213.308
MinimumVisualStudioVersion = 10.0.40219.1
Project("{FAE04EC0-301F-11D3-BF4B-00C04F79EFBC}") = "projeto_1019", "projeto_1019\projeto_1019.csproj", "{49642808-0496-4DAA-A540-E129254F31AB}"
EndProject
Global
	GlobalSection(SolutionConfigurationPlatforms) = preSolution
		Debug|Any CPU = Debug|Any CPU
		Release|Any CPU = Release|Any CPU
	EndGlobalSection
	GlobalSection(ProjectConfigurationPlatforms) = postSolution
		{49642808-0496-4DAA-A540-E129254F31AB}.Debug|Any CPU.ActiveCfg = Debug|Any CPU
		{49642808-0496-4DAA-A540-E129254F31AB}.Debug|Any CPU.Build.0 = Debug|Any CPU
		{49642808-0496-4DAA-A540-E129254F31AB}.Release|Any CPU.ActiveCfg = Release|Any CPU
		{49642808-0496-4DAA-A540-E129254F31AB}.Release|Any CPU.Build.0 = Release|Any CPU
	EndGlobalSection
	GlobalSection(SolutionProperties) = preSolution
		HideSolutionNode = FALSE
	EndGlobalSection
	GlobalSection(ExtensibilityGlobals) = postSolution
		SolutionGuid = {8369363F-7E9E-4498-9E10-5DBC499ABB51}
	EndGlobalSection
EndGlobal
