
Microsoft Visual Studio Solution File, Format Version 12.00
# Visual Studio Version 17
VisualStudioVersion = 17.4.33205.214
MinimumVisualStudioVersion = 10.0.40219.1
Project("{FAE04EC0-301F-11D3-BF4B-00C04F79EFBC}") = "exercicio_1001", "exercicio_1001\exercicio_1001.csproj", "{D297F85A-6CE3-4EF9-B9DD-0BE55E4BBDED}"
EndProject
Global
	GlobalSection(SolutionConfigurationPlatforms) = preSolution
		Debug|Any CPU = Debug|Any CPU
		Release|Any CPU = Release|Any CPU
	EndGlobalSection
	GlobalSection(ProjectConfigurationPlatforms) = postSolution
		{D297F85A-6CE3-4EF9-B9DD-0BE55E4BBDED}.Debug|Any CPU.ActiveCfg = Debug|Any CPU
		{D297F85A-6CE3-4EF9-B9DD-0BE55E4BBDED}.Debug|Any CPU.Build.0 = Debug|Any CPU
		{D297F85A-6CE3-4EF9-B9DD-0BE55E4BBDED}.Release|Any CPU.ActiveCfg = Release|Any CPU
		{D297F85A-6CE3-4EF9-B9DD-0BE55E4BBDED}.Release|Any CPU.Build.0 = Release|Any CPU
	EndGlobalSection
	GlobalSection(SolutionProperties) = preSolution
		HideSolutionNode = FALSE
	EndGlobalSection
	GlobalSection(ExtensibilityGlobals) = postSolution
		SolutionGuid = {A612130C-3437-44AE-957F-EEB7892E1130}
	EndGlobalSection
EndGlobal
