
Microsoft Visual Studio Solution File, Format Version 12.00
# Visual Studio Version 17
VisualStudioVersion = 17.4.33213.308
MinimumVisualStudioVersion = 10.0.40219.1
Project("{FAE04EC0-301F-11D3-BF4B-00C04F79EFBC}") = "projeto_1018", "projeto_1018\projeto_1018.csproj", "{48F04898-C149-4FDC-916B-DEA33408DA09}"
EndProject
Global
	GlobalSection(SolutionConfigurationPlatforms) = preSolution
		Debug|Any CPU = Debug|Any CPU
		Release|Any CPU = Release|Any CPU
	EndGlobalSection
	GlobalSection(ProjectConfigurationPlatforms) = postSolution
		{48F04898-C149-4FDC-916B-DEA33408DA09}.Debug|Any CPU.ActiveCfg = Debug|Any CPU
		{48F04898-C149-4FDC-916B-DEA33408DA09}.Debug|Any CPU.Build.0 = Debug|Any CPU
		{48F04898-C149-4FDC-916B-DEA33408DA09}.Release|Any CPU.ActiveCfg = Release|Any CPU
		{48F04898-C149-4FDC-916B-DEA33408DA09}.Release|Any CPU.Build.0 = Release|Any CPU
	EndGlobalSection
	GlobalSection(SolutionProperties) = preSolution
		HideSolutionNode = FALSE
	EndGlobalSection
	GlobalSection(ExtensibilityGlobals) = postSolution
		SolutionGuid = {54544E91-C98D-448B-A82E-AD9EAAE8CA72}
	EndGlobalSection
EndGlobal
