
Microsoft Visual Studio Solution File, Format Version 12.00
# Visual Studio Version 17
VisualStudioVersion = 17.4.33213.308
MinimumVisualStudioVersion = 10.0.40219.1
Project("{FAE04EC0-301F-11D3-BF4B-00C04F79EFBC}") = "projeto_1020", "projeto_1020\projeto_1020.csproj", "{DA743C4E-8B0C-4B7B-B173-6AD9EAE324B9}"
EndProject
Global
	GlobalSection(SolutionConfigurationPlatforms) = preSolution
		Debug|Any CPU = Debug|Any CPU
		Release|Any CPU = Release|Any CPU
	EndGlobalSection
	GlobalSection(ProjectConfigurationPlatforms) = postSolution
		{DA743C4E-8B0C-4B7B-B173-6AD9EAE324B9}.Debug|Any CPU.ActiveCfg = Debug|Any CPU
		{DA743C4E-8B0C-4B7B-B173-6AD9EAE324B9}.Debug|Any CPU.Build.0 = Debug|Any CPU
		{DA743C4E-8B0C-4B7B-B173-6AD9EAE324B9}.Release|Any CPU.ActiveCfg = Release|Any CPU
		{DA743C4E-8B0C-4B7B-B173-6AD9EAE324B9}.Release|Any CPU.Build.0 = Release|Any CPU
	EndGlobalSection
	GlobalSection(SolutionProperties) = preSolution
		HideSolutionNode = FALSE
	EndGlobalSection
	GlobalSection(ExtensibilityGlobals) = postSolution
		SolutionGuid = {870988AF-68BA-4DEC-B86D-89A7F3CB8198}
	EndGlobalSection
EndGlobal
